
Microsoft Visual Studio Solution File, Format Version 12.00
# Visual Studio 2012
Project("{FAE04EC0-301F-11D3-BF4B-00C04F79EFBC}") = "Shape", "Shape\Shape.csproj", "{F2E9A5D3-D89B-4F93-AE0E-D842183838F7}"
EndProject
Project("{FAE04EC0-301F-11D3-BF4B-00C04F79EFBC}") = "Line", "Line\Line.csproj", "{B491580B-B7F9-4A68-AF3F-2A8BDABAF356}"
EndProject
Project("{2150E333-8FDC-42A3-9474-1A3956D46DE8}") = "Shapes", "Shapes", "{F0A2AEE4-0F4F-494D-8901-866B5E0D9785}"
EndProject
Project("{FAE04EC0-301F-11D3-BF4B-00C04F79EFBC}") = "Rectlange", "Rectlange\Rectlange.csproj", "{5CD4F9CA-6B76-4064-8534-99FBCBAB1B2F}"
EndProject
Project("{FAE04EC0-301F-11D3-BF4B-00C04F79EFBC}") = "Ellipse", "Ellipse\Ellipse.csproj", "{258E1F9F-DC87-4509-B11F-BA78D2B860EC}"
EndProject
Project("{FAE04EC0-301F-11D3-BF4B-00C04F79EFBC}") = "Triangle", "Triangle\Triangle.csproj", "{D39A167A-8E7C-4873-8084-F851839F0AA5}"
EndProject
Project("{FAE04EC0-301F-11D3-BF4B-00C04F79EFBC}") = "RegularPoligon", "RegularPoligon\RegularPoligon.csproj", "{06CD3518-C6F4-4981-BA73-6A3622A1EC4B}"
EndProject
Project("{FAE04EC0-301F-11D3-BF4B-00C04F79EFBC}") = "Trapizoid", "Trapizoid\Trapizoid.csproj", "{3D45789E-C9FA-49E6-87E6-DD821795545E}"
EndProject
Project("{FAE04EC0-301F-11D3-BF4B-00C04F79EFBC}") = "ShapeList", "ShapeList\ShapeList.csproj", "{DD6351E2-452E-464C-896B-CAF238652C6D}"
EndProject
Project("{FAE04EC0-301F-11D3-BF4B-00C04F79EFBC}") = "MainFormApp", "MainFormApp\MainFormApp.csproj", "{45AA6388-DB57-468A-AB68-C77EBD9DA5FC}"
EndProject
Project("{FAE04EC0-301F-11D3-BF4B-00C04F79EFBC}") = "AssemblyLoader", "AssemblyLoader\AssemblyLoader.csproj", "{BBB0B572-58B4-4177-9C7E-0DAB59BDF43B}"
EndProject
Global
	GlobalSection(SolutionConfigurationPlatforms) = preSolution
		Debug|Any CPU = Debug|Any CPU
		Release|Any CPU = Release|Any CPU
	EndGlobalSection
	GlobalSection(ProjectConfigurationPlatforms) = postSolution
		{F2E9A5D3-D89B-4F93-AE0E-D842183838F7}.Debug|Any CPU.ActiveCfg = Debug|Any CPU
		{F2E9A5D3-D89B-4F93-AE0E-D842183838F7}.Debug|Any CPU.Build.0 = Debug|Any CPU
		{F2E9A5D3-D89B-4F93-AE0E-D842183838F7}.Release|Any CPU.ActiveCfg = Release|Any CPU
		{F2E9A5D3-D89B-4F93-AE0E-D842183838F7}.Release|Any CPU.Build.0 = Release|Any CPU
		{B491580B-B7F9-4A68-AF3F-2A8BDABAF356}.Debug|Any CPU.ActiveCfg = Debug|Any CPU
		{B491580B-B7F9-4A68-AF3F-2A8BDABAF356}.Debug|Any CPU.Build.0 = Debug|Any CPU
		{B491580B-B7F9-4A68-AF3F-2A8BDABAF356}.Release|Any CPU.ActiveCfg = Release|Any CPU
		{B491580B-B7F9-4A68-AF3F-2A8BDABAF356}.Release|Any CPU.Build.0 = Release|Any CPU
		{5CD4F9CA-6B76-4064-8534-99FBCBAB1B2F}.Debug|Any CPU.ActiveCfg = Debug|Any CPU
		{5CD4F9CA-6B76-4064-8534-99FBCBAB1B2F}.Debug|Any CPU.Build.0 = Debug|Any CPU
		{5CD4F9CA-6B76-4064-8534-99FBCBAB1B2F}.Release|Any CPU.ActiveCfg = Release|Any CPU
		{5CD4F9CA-6B76-4064-8534-99FBCBAB1B2F}.Release|Any CPU.Build.0 = Release|Any CPU
		{258E1F9F-DC87-4509-B11F-BA78D2B860EC}.Debug|Any CPU.ActiveCfg = Debug|Any CPU
		{258E1F9F-DC87-4509-B11F-BA78D2B860EC}.Debug|Any CPU.Build.0 = Debug|Any CPU
		{258E1F9F-DC87-4509-B11F-BA78D2B860EC}.Release|Any CPU.ActiveCfg = Release|Any CPU
		{258E1F9F-DC87-4509-B11F-BA78D2B860EC}.Release|Any CPU.Build.0 = Release|Any CPU
		{D39A167A-8E7C-4873-8084-F851839F0AA5}.Debug|Any CPU.ActiveCfg = Debug|Any CPU
		{D39A167A-8E7C-4873-8084-F851839F0AA5}.Debug|Any CPU.Build.0 = Debug|Any CPU
		{D39A167A-8E7C-4873-8084-F851839F0AA5}.Release|Any CPU.ActiveCfg = Release|Any CPU
		{D39A167A-8E7C-4873-8084-F851839F0AA5}.Release|Any CPU.Build.0 = Release|Any CPU
		{06CD3518-C6F4-4981-BA73-6A3622A1EC4B}.Debug|Any CPU.ActiveCfg = Debug|Any CPU
		{06CD3518-C6F4-4981-BA73-6A3622A1EC4B}.Debug|Any CPU.Build.0 = Debug|Any CPU
		{06CD3518-C6F4-4981-BA73-6A3622A1EC4B}.Release|Any CPU.ActiveCfg = Release|Any CPU
		{06CD3518-C6F4-4981-BA73-6A3622A1EC4B}.Release|Any CPU.Build.0 = Release|Any CPU
		{3D45789E-C9FA-49E6-87E6-DD821795545E}.Debug|Any CPU.ActiveCfg = Debug|Any CPU
		{3D45789E-C9FA-49E6-87E6-DD821795545E}.Debug|Any CPU.Build.0 = Debug|Any CPU
		{3D45789E-C9FA-49E6-87E6-DD821795545E}.Release|Any CPU.ActiveCfg = Release|Any CPU
		{3D45789E-C9FA-49E6-87E6-DD821795545E}.Release|Any CPU.Build.0 = Release|Any CPU
		{DD6351E2-452E-464C-896B-CAF238652C6D}.Debug|Any CPU.ActiveCfg = Debug|Any CPU
		{DD6351E2-452E-464C-896B-CAF238652C6D}.Debug|Any CPU.Build.0 = Debug|Any CPU
		{DD6351E2-452E-464C-896B-CAF238652C6D}.Release|Any CPU.ActiveCfg = Release|Any CPU
		{DD6351E2-452E-464C-896B-CAF238652C6D}.Release|Any CPU.Build.0 = Release|Any CPU
		{45AA6388-DB57-468A-AB68-C77EBD9DA5FC}.Debug|Any CPU.ActiveCfg = Debug|Any CPU
		{45AA6388-DB57-468A-AB68-C77EBD9DA5FC}.Debug|Any CPU.Build.0 = Debug|Any CPU
		{45AA6388-DB57-468A-AB68-C77EBD9DA5FC}.Release|Any CPU.ActiveCfg = Release|Any CPU
		{45AA6388-DB57-468A-AB68-C77EBD9DA5FC}.Release|Any CPU.Build.0 = Release|Any CPU
		{BBB0B572-58B4-4177-9C7E-0DAB59BDF43B}.Debug|Any CPU.ActiveCfg = Debug|Any CPU
		{BBB0B572-58B4-4177-9C7E-0DAB59BDF43B}.Debug|Any CPU.Build.0 = Debug|Any CPU
		{BBB0B572-58B4-4177-9C7E-0DAB59BDF43B}.Release|Any CPU.ActiveCfg = Release|Any CPU
		{BBB0B572-58B4-4177-9C7E-0DAB59BDF43B}.Release|Any CPU.Build.0 = Release|Any CPU
	EndGlobalSection
	GlobalSection(SolutionProperties) = preSolution
		HideSolutionNode = FALSE
	EndGlobalSection
	GlobalSection(NestedProjects) = preSolution
		{B491580B-B7F9-4A68-AF3F-2A8BDABAF356} = {F0A2AEE4-0F4F-494D-8901-866B5E0D9785}
		{5CD4F9CA-6B76-4064-8534-99FBCBAB1B2F} = {F0A2AEE4-0F4F-494D-8901-866B5E0D9785}
		{258E1F9F-DC87-4509-B11F-BA78D2B860EC} = {F0A2AEE4-0F4F-494D-8901-866B5E0D9785}
		{D39A167A-8E7C-4873-8084-F851839F0AA5} = {F0A2AEE4-0F4F-494D-8901-866B5E0D9785}
		{06CD3518-C6F4-4981-BA73-6A3622A1EC4B} = {F0A2AEE4-0F4F-494D-8901-866B5E0D9785}
		{3D45789E-C9FA-49E6-87E6-DD821795545E} = {F0A2AEE4-0F4F-494D-8901-866B5E0D9785}
	EndGlobalSection
EndGlobal
